
Microsoft Visual Studio Solution File, Format Version 12.00
Project("{FAE04EC0-301F-11D3-BF4B-00C04F79EFBC}") = "Server", "Server\Server.csproj", "{EAD53940-9E92-4511-BA5C-98FB8D94B6BC}"
EndProject
Project("{FAE04EC0-301F-11D3-BF4B-00C04F79EFBC}") = "Client", "Client\Client.csproj", "{C920CBEC-C74A-47ED-8614-BB796F88F837}"
EndProject
Project("{FAE04EC0-301F-11D3-BF4B-00C04F79EFBC}") = "MasterServer", "MasterServer\MasterServer.csproj", "{1567A6C1-C444-4E33-8024-30CF823498ED}"
EndProject
Project("{FAE04EC0-301F-11D3-BF4B-00C04F79EFBC}") = "Tests", "Tests\Tests.csproj", "{4556159D-B84F-4296-A7AA-91322006BC5C}"
EndProject
Global
	GlobalSection(SolutionConfigurationPlatforms) = preSolution
		Debug|Any CPU = Debug|Any CPU
		Release|Any CPU = Release|Any CPU
	EndGlobalSection
	GlobalSection(ProjectConfigurationPlatforms) = postSolution
		{EAD53940-9E92-4511-BA5C-98FB8D94B6BC}.Debug|Any CPU.ActiveCfg = Debug|Any CPU
		{EAD53940-9E92-4511-BA5C-98FB8D94B6BC}.Debug|Any CPU.Build.0 = Debug|Any CPU
		{EAD53940-9E92-4511-BA5C-98FB8D94B6BC}.Release|Any CPU.ActiveCfg = Release|Any CPU
		{EAD53940-9E92-4511-BA5C-98FB8D94B6BC}.Release|Any CPU.Build.0 = Release|Any CPU
		{C920CBEC-C74A-47ED-8614-BB796F88F837}.Debug|Any CPU.ActiveCfg = Debug|Any CPU
		{C920CBEC-C74A-47ED-8614-BB796F88F837}.Debug|Any CPU.Build.0 = Debug|Any CPU
		{C920CBEC-C74A-47ED-8614-BB796F88F837}.Release|Any CPU.ActiveCfg = Release|Any CPU
		{C920CBEC-C74A-47ED-8614-BB796F88F837}.Release|Any CPU.Build.0 = Release|Any CPU
		{D0E6181A-F000-42C7-B6B1-8E0DB8F194A7}.Debug|Any CPU.ActiveCfg = Debug|Any CPU
		{D0E6181A-F000-42C7-B6B1-8E0DB8F194A7}.Debug|Any CPU.Build.0 = Debug|Any CPU
		{D0E6181A-F000-42C7-B6B1-8E0DB8F194A7}.Release|Any CPU.ActiveCfg = Release|Any CPU
		{D0E6181A-F000-42C7-B6B1-8E0DB8F194A7}.Release|Any CPU.Build.0 = Release|Any CPU
		{1567A6C1-C444-4E33-8024-30CF823498ED}.Debug|Any CPU.ActiveCfg = Debug|Any CPU
		{1567A6C1-C444-4E33-8024-30CF823498ED}.Debug|Any CPU.Build.0 = Debug|Any CPU
		{1567A6C1-C444-4E33-8024-30CF823498ED}.Release|Any CPU.ActiveCfg = Release|Any CPU
		{1567A6C1-C444-4E33-8024-30CF823498ED}.Release|Any CPU.Build.0 = Release|Any CPU
		{4556159D-B84F-4296-A7AA-91322006BC5C}.Debug|Any CPU.ActiveCfg = Debug|Any CPU
		{4556159D-B84F-4296-A7AA-91322006BC5C}.Debug|Any CPU.Build.0 = Debug|Any CPU
		{4556159D-B84F-4296-A7AA-91322006BC5C}.Release|Any CPU.ActiveCfg = Release|Any CPU
		{4556159D-B84F-4296-A7AA-91322006BC5C}.Release|Any CPU.Build.0 = Release|Any CPU
	EndGlobalSection
	GlobalSection(RiderSharedRunConfigurations) = postSolution
	EndGlobalSection
EndGlobal
