
Microsoft Visual Studio Solution File, Format Version 12.00
Project("{FAE04EC0-301F-11D3-BF4B-00C04F79EFBC}") = "MonoGameCross-PlatformDesktopApplication", "MonoGameCross-PlatformDesktopApplication\MonoGameCross-PlatformDesktopApplication.csproj", "{FFE9CC8C-E39E-413A-9895-398B31E86860}"
EndProject
Global
	GlobalSection(SolutionConfigurationPlatforms) = preSolution
		Debug|Any CPU = Debug|Any CPU
		Release|Any CPU = Release|Any CPU
	EndGlobalSection
	GlobalSection(ProjectConfigurationPlatforms) = postSolution
		{FFE9CC8C-E39E-413A-9895-398B31E86860}.Debug|Any CPU.ActiveCfg = Debug|Any CPU
		{FFE9CC8C-E39E-413A-9895-398B31E86860}.Debug|Any CPU.Build.0 = Debug|Any CPU
		{FFE9CC8C-E39E-413A-9895-398B31E86860}.Release|Any CPU.ActiveCfg = Release|Any CPU
		{FFE9CC8C-E39E-413A-9895-398B31E86860}.Release|Any CPU.Build.0 = Release|Any CPU
	EndGlobalSection
EndGlobal
